
Microsoft Visual Studio Solution File, Format Version 12.00
# Visual Studio 2012
Project("{FAE04EC0-301F-11D3-BF4B-00C04F79EFBC}") = "DurandalTyped", "DurandalTyped\DurandalTyped.csproj", "{C5D9BDE8-6526-4047-BC62-76201FCCE392}"
EndProject
Project("{FAE04EC0-301F-11D3-BF4B-00C04F79EFBC}") = "DurandalTyped.Tests", "DurandalTyped.Tests\DurandalTyped.Tests.csproj", "{2E5EC7F1-98BB-4877-80F1-4AC93065299B}"
EndProject
Global
	GlobalSection(SolutionConfigurationPlatforms) = preSolution
		Debug|Any CPU = Debug|Any CPU
		Release|Any CPU = Release|Any CPU
	EndGlobalSection
	GlobalSection(ProjectConfigurationPlatforms) = postSolution
		{C5D9BDE8-6526-4047-BC62-76201FCCE392}.Debug|Any CPU.ActiveCfg = Debug|Any CPU
		{C5D9BDE8-6526-4047-BC62-76201FCCE392}.Debug|Any CPU.Build.0 = Debug|Any CPU
		{C5D9BDE8-6526-4047-BC62-76201FCCE392}.Release|Any CPU.ActiveCfg = Release|Any CPU
		{C5D9BDE8-6526-4047-BC62-76201FCCE392}.Release|Any CPU.Build.0 = Release|Any CPU
		{2E5EC7F1-98BB-4877-80F1-4AC93065299B}.Debug|Any CPU.ActiveCfg = Debug|Any CPU
		{2E5EC7F1-98BB-4877-80F1-4AC93065299B}.Debug|Any CPU.Build.0 = Debug|Any CPU
		{2E5EC7F1-98BB-4877-80F1-4AC93065299B}.Release|Any CPU.ActiveCfg = Release|Any CPU
		{2E5EC7F1-98BB-4877-80F1-4AC93065299B}.Release|Any CPU.Build.0 = Release|Any CPU
	EndGlobalSection
	GlobalSection(SolutionProperties) = preSolution
		HideSolutionNode = FALSE
	EndGlobalSection
EndGlobal
